// !$*UTF8*$!
{
	archiveVersion = 1;
	classes = {
	};
	objectVersion = 46;
	objects = {

/* Begin PBXBuildFile section */
		CC7FD7321D02CA4B0045E6C8 /* main.m in Sources */ = {isa = PBXBuildFile; fileRef = CC7FD7311D02CA4B0045E6C8 /* main.m */; };
		CC7FD7351D02CA4B0045E6C8 /* AppDelegate.m in Sources */ = {isa = PBXBuildFile; fileRef = CC7FD7341D02CA4B0045E6C8 /* AppDelegate.m */; };
		CC7FD7381D02CA4B0045E6C8 /* ViewController.m in Sources */ = {isa = PBXBuildFile; fileRef = CC7FD7371D02CA4B0045E6C8 /* ViewController.m */; };
		CC7FD73B1D02CA4B0045E6C8 /* Main.storyboard in Resources */ = {isa = PBXBuildFile; fileRef = CC7FD7391D02CA4B0045E6C8 /* Main.storyboard */; };
		CC7FD73D1D02CA4B0045E6C8 /* Assets.xcassets in Resources */ = {isa = PBXBuildFile; fileRef = CC7FD73C1D02CA4B0045E6C8 /* Assets.xcassets */; };
		CC7FD7401D02CA4B0045E6C8 /* LaunchScreen.storyboard in Resources */ = {isa = PBXBuildFile; fileRef = CC7FD73E1D02CA4B0045E6C8 /* LaunchScreen.storyboard */; };
		CC7FD7491D02CB340045E6C8 /* FirstDownLoadViewController.m in Sources */ = {isa = PBXBuildFile; fileRef = CC7FD7481D02CB340045E6C8 /* FirstDownLoadViewController.m */; };
		CC7FD74C1D02D0F50045E6C8 /* SecondViewController.m in Sources */ = {isa = PBXBuildFile; fileRef = CC7FD74B1D02D0F50045E6C8 /* SecondViewController.m */; };
/* End PBXBuildFile section */

/* Begin PBXFileReference section */
		CC7FD72D1D02CA4B0045E6C8 /* 03-DownLoadTaskDemo.app */ = {isa = PBXFileReference; explicitFileType = wrapper.application; includeInIndex = 0; path = "03-DownLoadTaskDemo.app"; sourceTree = BUILT_PRODUCTS_DIR; };
		CC7FD7311D02CA4B0045E6C8 /* main.m */ = {isa = PBXFileReference; lastKnownFileType = sourcecode.c.objc; path = main.m; sourceTree = "<group>"; };
		CC7FD7331D02CA4B0045E6C8 /* AppDelegate.h */ = {isa = PBXFileReference; lastKnownFileType = sourcecode.c.h; path = AppDelegate.h; sourceTree = "<group>"; };
		CC7FD7341D02CA4B0045E6C8 /* AppDelegate.m */ = {isa = PBXFileReference; lastKnownFileType = sourcecode.c.objc; path = AppDelegate.m; sourceTree = "<group>"; };
		CC7FD7361D02CA4B0045E6C8 /* ViewController.h */ = {isa = PBXFileReference; lastKnownFileType = sourcecode.c.h; path = ViewController.h; sourceTree = "<group>"; };
		CC7FD7371D02CA4B0045E6C8 /* ViewController.m */ = {isa = PBXFileReference; lastKnownFileType = sourcecode.c.objc; path = ViewController.m; sourceTree = "<group>"; };
		CC7FD73A1D02CA4B0045E6C8 /* Base */ = {isa = PBXFileReference; lastKnownFileType = file.storyboard; name = Base; path = Base.lproj/Main.storyboard; sourceTree = "<group>"; };
		CC7FD73C1D02CA4B0045E6C8 /* Assets.xcassets */ = {isa = PBXFileReference; lastKnownFileType = folder.assetcatalog; path = Assets.xcassets; sourceTree = "<group>"; };
		CC7FD73F1D02CA4B0045E6C8 /* Base */ = {isa = PBXFileReference; lastKnownFileType = file.storyboard; name = Base; path = Base.lproj/LaunchScreen.storyboard; sourceTree = "<group>"; };
		CC7FD7411D02CA4B0045E6C8 /* Info.plist */ = {isa = PBXFileReference; lastKnownFileType = text.plist.xml; path = Info.plist; sourceTree = "<group>"; };
		CC7FD7471D02CB340045E6C8 /* FirstDownLoadViewController.h */ = {isa = PBXFileReference; fileEncoding = 4; lastKnownFileType = sourcecode.c.h; path = FirstDownLoadViewController.h; sourceTree = "<group>"; };
		CC7FD7481D02CB340045E6C8 /* FirstDownLoadViewController.m */ = {isa = PBXFileReference; fileEncoding = 4; lastKnownFileType = sourcecode.c.objc; path = FirstDownLoadViewController.m; sourceTree = "<group>"; };
		CC7FD74A1D02D0F50045E6C8 /* SecondViewController.h */ = {isa = PBXFileReference; fileEncoding = 4; lastKnownFileType = sourcecode.c.h; path = SecondViewController.h; sourceTree = "<group>"; };
		CC7FD74B1D02D0F50045E6C8 /* SecondViewController.m */ = {isa = PBXFileReference; fileEncoding = 4; lastKnownFileType = sourcecode.c.objc; path = SecondViewController.m; sourceTree = "<group>"; };
/* End PBXFileReference section */

/* Begin PBXFrameworksBuildPhase section */
		CC7FD72A1D02CA4B0045E6C8 /* Frameworks */ = {
			isa = PBXFrameworksBuildPhase;
			buildActionMask = 2147483647;
			files = (
			);
			runOnlyForDeploymentPostprocessing = 0;
		};
/* End PBXFrameworksBuildPhase section */

/* Begin PBXGroup section */
		CC7FD7241D02CA4B0045E6C8 = {
			isa = PBXGroup;
			children = (
				CC7FD72F1D02CA4B0045E6C8 /* 03-DownLoadTaskDemo */,
				CC7FD72E1D02CA4B0045E6C8 /* Products */,
			);
			sourceTree = "<group>";
		};
		CC7FD72E1D02CA4B0045E6C8 /* Products */ = {
			isa = PBXGroup;
			children = (
				CC7FD72D1D02CA4B0045E6C8 /* 03-DownLoadTaskDemo.app */,
			);
			name = Products;
			sourceTree = "<group>";
		};
		CC7FD72F1D02CA4B0045E6C8 /* 03-DownLoadTaskDemo */ = {
			isa = PBXGroup;
			children = (
				CC7FD7331D02CA4B0045E6C8 /* AppDelegate.h */,
				CC7FD7341D02CA4B0045E6C8 /* AppDelegate.m */,
				CC7FD7361D02CA4B0045E6C8 /* ViewController.h */,
				CC7FD7371D02CA4B0045E6C8 /* ViewController.m */,
				CC7FD7391D02CA4B0045E6C8 /* Main.storyboard */,
				CC7FD7471D02CB340045E6C8 /* FirstDownLoadViewController.h */,
				CC7FD7481D02CB340045E6C8 /* FirstDownLoadViewController.m */,
				CC7FD74A1D02D0F50045E6C8 /* SecondViewController.h */,
				CC7FD74B1D02D0F50045E6C8 /* SecondViewController.m */,
				CC7FD73C1D02CA4B0045E6C8 /* Assets.xcassets */,
				CC7FD73E1D02CA4B0045E6C8 /* LaunchScreen.storyboard */,
				CC7FD7411D02CA4B0045E6C8 /* Info.plist */,
				CC7FD7301D02CA4B0045E6C8 /* Supporting Files */,
			);
			path = "03-DownLoadTaskDemo";
			sourceTree = "<group>";
		};
		CC7FD7301D02CA4B0045E6C8 /* Supporting Files */ = {
			isa = PBXGroup;
			children = (
				CC7FD7311D02CA4B0045E6C8 /* main.m */,
			);
			name = "Supporting Files";
			sourceTree = "<group>";
		};
/* End PBXGroup section */

/* Begin PBXNativeTarget section */
		CC7FD72C1D02CA4B0045E6C8 /* 03-DownLoadTaskDemo */ = {
			isa = PBXNativeTarget;
			buildConfigurationList = CC7FD7441D02CA4B0045E6C8 /* Build configuration list for PBXNativeTarget "03-DownLoadTaskDemo" */;
			buildPhases = (
				CC7FD7291D02CA4B0045E6C8 /* Sources */,
				CC7FD72A1D02CA4B0045E6C8 /* Frameworks */,
				CC7FD72B1D02CA4B0045E6C8 /* Resources */,
			);
			buildRules = (
			);
			dependencies = (
			);
			name = "03-DownLoadTaskDemo";
			productName = "03-DownLoadTaskDemo";
			productReference = CC7FD72D1D02CA4B0045E6C8 /* 03-DownLoadTaskDemo.app */;
			productType = "com.apple.product-type.application";
		};
/* End PBXNativeTarget section */

/* Begin PBXProject section */
		CC7FD7251D02CA4B0045E6C8 /* Project object */ = {
			isa = PBXProject;
			attributes = {
				LastUpgradeCheck = 0710;
				ORGANIZATIONNAME = QingYun;
				TargetAttributes = {
					CC7FD72C1D02CA4B0045E6C8 = {
						CreatedOnToolsVersion = 7.1.1;
						DevelopmentTeam = GGG24ADHBE;
					};
				};
			};
			buildConfigurationList = CC7FD7281D02CA4B0045E6C8 /* Build configuration list for PBXProject "03-DownLoadTaskDemo" */;
			compatibilityVersion = "Xcode 3.2";
			developmentRegion = English;
			hasScannedForEncodings = 0;
			knownRegions = (
				en,
				Base,
			);
			mainGroup = CC7FD7241D02CA4B0045E6C8;
			productRefGroup = CC7FD72E1D02CA4B0045E6C8 /* Products */;
			projectDirPath = "";
			projectRoot = "";
			targets = (
				CC7FD72C1D02CA4B0045E6C8 /* 03-DownLoadTaskDemo */,
			);
		};
/* End PBXProject section */

/* Begin PBXResourcesBuildPhase section */
		CC7FD72B1D02CA4B0045E6C8 /* Resources */ = {
			isa = PBXResourcesBuildPhase;
			buildActionMask = 2147483647;
			files = (
				CC7FD7401D02CA4B0045E6C8 /* LaunchScreen.storyboard in Resources */,
				CC7FD73D1D02CA4B0045E6C8 /* Assets.xcassets in Resources */,
				CC7FD73B1D02CA4B0045E6C8 /* Main.storyboard in Resources */,
			);
			runOnlyForDeploymentPostprocessing = 0;
		};
/* End PBXResourcesBuildPhase section */

/* Begin PBXSourcesBuildPhase section */
		CC7FD7291D02CA4B0045E6C8 /* Sources */ = {
			isa = PBXSourcesBuildPhase;
			buildActionMask = 2147483647;
			files = (
				CC7FD74C1D02D0F50045E6C8 /* SecondViewController.m in Sources */,
				CC7FD7381D02CA4B0045E6C8 /* ViewController.m in Sources */,
				CC7FD7351D02CA4B0045E6C8 /* AppDelegate.m in Sources */,
				CC7FD7321D02CA4B0045E6C8 /* main.m in Sources */,
				CC7FD7491D02CB340045E6C8 /* FirstDownLoadViewController.m in Sources */,
			);
			runOnlyForDeploymentPostprocessing = 0;
		};
/* End PBXSourcesBuildPhase section */

/* Begin PBXVariantGroup section */
		CC7FD7391D02CA4B0045E6C8 /* Main.storyboard */ = {
			isa = PBXVariantGroup;
			children = (
				CC7FD73A1D02CA4B0045E6C8 /* Base */,
			);
			name = Main.storyboard;
			sourceTree = "<group>";
		};
		CC7FD73E1D02CA4B0045E6C8 /* LaunchScreen.storyboard */ = {
			isa = PBXVariantGroup;
			children = (
				CC7FD73F1D02CA4B0045E6C8 /* Base */,
			);
			name = LaunchScreen.storyboard;
			sourceTree = "<group>";
		};
/* End PBXVariantGroup section */

/* Begin XCBuildConfiguration section */
		CC7FD7421D02CA4B0045E6C8 /* Debug */ = {
			isa = XCBuildConfiguration;
			buildSettings = {
				ALWAYS_SEARCH_USER_PATHS = NO;
				CLANG_CXX_LANGUAGE_STANDARD = "gnu++0x";
				CLANG_CXX_LIBRARY = "libc++";
				CLANG_ENABLE_MODULES = YES;
				CLANG_ENABLE_OBJC_ARC = YES;
				CLANG_WARN_BOOL_CONVERSION = YES;
				CLANG_WARN_CONSTANT_CONVERSION = YES;
				CLANG_WARN_DIRECT_OBJC_ISA_USAGE = YES_ERROR;
				CLANG_WARN_EMPTY_BODY = YES;
				CLANG_WARN_ENUM_CONVERSION = YES;
				CLANG_WARN_INT_CONVERSION = YES;
				CLANG_WARN_OBJC_ROOT_CLASS = YES_ERROR;
				CLANG_WARN_UNREACHABLE_CODE = YES;
				CLANG_WARN__DUPLICATE_METHOD_MATCH = YES;
				"CODE_SIGN_IDENTITY[sdk=iphoneos*]" = "iPhone Developer";
				COPY_PHASE_STRIP = NO;
				DEBUG_INFORMATION_FORMAT = dwarf;
				ENABLE_STRICT_OBJC_MSGSEND = YES;
				ENABLE_TESTABILITY = YES;
				GCC_C_LANGUAGE_STANDARD = gnu99;
				GCC_DYNAMIC_NO_PIC = NO;
				GCC_NO_COMMON_BLOCKS = YES;
				GCC_OPTIMIZATION_LEVEL = 0;
				GCC_PREPROCESSOR_DEFINITIONS = (
					"DEBUG=1",
					"$(inherited)",
				);
				GCC_WARN_64_TO_32_BIT_CONVERSION = YES;
				GCC_WARN_ABOUT_RETURN_TYPE = YES_ERROR;
				GCC_WARN_UNDECLARED_SELECTOR = YES;
				GCC_WARN_UNINITIALIZED_AUTOS = YES_AGGRESSIVE;
				GCC_WARN_UNUSED_FUNCTION = YES;
				GCC_WARN_UNUSED_VARIABLE = YES;
				IPHONEOS_DEPLOYMENT_TARGET = 9.1;
				MTL_ENABLE_DEBUG_INFO = YES;
				ONLY_ACTIVE_ARCH = YES;
				SDKROOT = iphoneos;
			};
			name = Debug;
		};
		CC7FD7431D02CA4B0045E6C8 /* Release */ = {
			isa = XCBuildConfiguration;
			buildSettings = {
				ALWAYS_SEARCH_USER_PATHS = NO;
				CLANG_CXX_LANGUAGE_STANDARD = "gnu++0x";
				CLANG_CXX_LIBRARY = "libc++";
				CLANG_ENABLE_MODULES = YES;
				CLANG_ENABLE_OBJC_ARC = YES;
				CLANG_WARN_BOOL_CONVERSION = YES;
				CLANG_WARN_CONSTANT_CONVERSION = YES;
				CLANG_WARN_DIRECT_OBJC_ISA_USAGE = YES_ERROR;
				CLANG_WARN_EMPTY_BODY = YES;
				CLANG_WARN_ENUM_CONVERSION = YES;
				CLANG_WARN_INT_CONVERSION = YES;
				CLANG_WARN_OBJC_ROOT_CLASS = YES_ERROR;
				CLANG_WARN_UNREACHABLE_CODE = YES;
				CLANG_WARN__DUPLICATE_METHOD_MATCH = YES;
				"CODE_SIGN_IDENTITY[sdk=iphoneos*]" = "iPhone Developer";
				COPY_PHASE_STRIP = NO;
				DEBUG_INFORMATION_FORMAT = "dwarf-with-dsym";
				ENABLE_NS_ASSERTIONS = NO;
				ENABLE_STRICT_OBJC_MSGSEND = YES;
				GCC_C_LANGUAGE_STANDARD = gnu99;
				GCC_NO_COMMON_BLOCKS = YES;
				GCC_WARN_64_TO_32_BIT_CONVERSION = YES;
				GCC_WARN_ABOUT_RETURN_TYPE = YES_ERROR;
				GCC_WARN_UNDECLARED_SELECTOR = YES;
				GCC_WARN_UNINITIALIZED_AUTOS = YES_AGGRESSIVE;
				GCC_WARN_UNUSED_FUNCTION = YES;
				GCC_WARN_UNUSED_VARIABLE = YES;
				IPHONEOS_DEPLOYMENT_TARGET = 9.1;
				MTL_ENABLE_DEBUG_INFO = NO;
				SDKROOT = iphoneos;
				VALIDATE_PRODUCT = YES;
			};
			name = Release;
		};
		CC7FD7451D02CA4B0045E6C8 /* Debug */ = {
			isa = XCBuildConfiguration;
			buildSettings = {
				ASSETCATALOG_COMPILER_APPICON_NAME = AppIcon;
				INFOPLIST_FILE = "03-DownLoadTaskDemo/Info.plist";
				LD_RUNPATH_SEARCH_PATHS = "$(inherited) @executable_path/Frameworks";
				PRODUCT_BUNDLE_IDENTIFIER = "com.Qingyun.-3-DownLoadTaskDemo";
				PRODUCT_NAME = "$(TARGET_NAME)";
			};
			name = Debug;
		};
		CC7FD7461D02CA4B0045E6C8 /* Release */ = {
			isa = XCBuildConfiguration;
			buildSettings = {
				ASSETCATALOG_COMPILER_APPICON_NAME = AppIcon;
				INFOPLIST_FILE = "03-DownLoadTaskDemo/Info.plist";
				LD_RUNPATH_SEARCH_PATHS = "$(inherited) @executable_path/Frameworks";
				PRODUCT_BUNDLE_IDENTIFIER = "com.Qingyun.-3-DownLoadTaskDemo";
				PRODUCT_NAME = "$(TARGET_NAME)";
			};
			name = Release;
		};
/* End XCBuildConfiguration section */

/* Begin XCConfigurationList section */
		CC7FD7281D02CA4B0045E6C8 /* Build configuration list for PBXProject "03-DownLoadTaskDemo" */ = {
			isa = XCConfigurationList;
			buildConfigurations = (
				CC7FD7421D02CA4B0045E6C8 /* Debug */,
				CC7FD7431D02CA4B0045E6C8 /* Release */,
			);
			defaultConfigurationIsVisible = 0;
			defaultConfigurationName = Release;
		};
		CC7FD7441D02CA4B0045E6C8 /* Build configuration list for PBXNativeTarget "03-DownLoadTaskDemo" */ = {
			isa = XCConfigurationList;
			buildConfigurations = (
				CC7FD7451D02CA4B0045E6C8 /* Debug */,
				CC7FD7461D02CA4B0045E6C8 /* Release */,
			);
			defaultConfigurationIsVisible = 0;
		};
/* End XCConfigurationList section */
	};
	rootObject = CC7FD7251D02CA4B0045E6C8 /* Project object */;
}
